
Microsoft Visual Studio Solution File, Format Version 12.00
# Visual Studio 15
VisualStudioVersion = 15.0.27703.2035
MinimumVisualStudioVersion = 10.0.40219.1
Project("{FAE04EC0-301F-11D3-BF4B-00C04F79EFBC}") = "FogFS.FileSystem", "FogFS.FileSystem\FogFS.FileSystem.csproj", "{F68544F8-6E65-421A-AD4D-2CF8E096A833}"
EndProject
Project("{FAE04EC0-301F-11D3-BF4B-00C04F79EFBC}") = "FogFS.Providers", "FogFS.Providers\FogFS.Providers.csproj", "{17CC696C-9562-4184-AAED-8B35454D84B3}"
EndProject
Project("{2150E333-8FDC-42A3-9474-1A3956D46DE8}") = "Solution Items", "Solution Items", "{C611EF42-5401-48D1-B446-0EB046F8117C}"
	ProjectSection(SolutionItems) = preProject
		README.md = README.md
	EndProjectSection
EndProject
Global
	GlobalSection(SolutionConfigurationPlatforms) = preSolution
		Debug|Any CPU = Debug|Any CPU
		Release|Any CPU = Release|Any CPU
	EndGlobalSection
	GlobalSection(ProjectConfigurationPlatforms) = postSolution
		{F68544F8-6E65-421A-AD4D-2CF8E096A833}.Debug|Any CPU.ActiveCfg = Debug|Any CPU
		{F68544F8-6E65-421A-AD4D-2CF8E096A833}.Debug|Any CPU.Build.0 = Debug|Any CPU
		{F68544F8-6E65-421A-AD4D-2CF8E096A833}.Release|Any CPU.ActiveCfg = Release|Any CPU
		{F68544F8-6E65-421A-AD4D-2CF8E096A833}.Release|Any CPU.Build.0 = Release|Any CPU
		{17CC696C-9562-4184-AAED-8B35454D84B3}.Debug|Any CPU.ActiveCfg = Debug|Any CPU
		{17CC696C-9562-4184-AAED-8B35454D84B3}.Debug|Any CPU.Build.0 = Debug|Any CPU
		{17CC696C-9562-4184-AAED-8B35454D84B3}.Release|Any CPU.ActiveCfg = Release|Any CPU
		{17CC696C-9562-4184-AAED-8B35454D84B3}.Release|Any CPU.Build.0 = Release|Any CPU
	EndGlobalSection
	GlobalSection(SolutionProperties) = preSolution
		HideSolutionNode = FALSE
	EndGlobalSection
	GlobalSection(ExtensibilityGlobals) = postSolution
		SolutionGuid = {DE0DC2EB-BBF9-49EF-936D-26DD4A19710E}
	EndGlobalSection
EndGlobal
